
Microsoft Visual Studio Solution File, Format Version 12.00
# Visual Studio Version 16
VisualStudioVersion = 16.0.30611.23
MinimumVisualStudioVersion = 10.0.40219.1
Project("{8BC9CEB8-8B4A-11D0-8D11-00A0C91BC942}") = "ClangTest", "ClangTest\ClangTest.vcxproj", "{2411D5F8-1842-4155-9012-5C652C6DF9AD}"
EndProject
Global
	GlobalSection(SolutionConfigurationPlatforms) = preSolution
		Debug|ARM = Debug|ARM
		Debug|ARM64 = Debug|ARM64
		Debug|x64 = Debug|x64
		Debug|x86 = Debug|x86
		LLVM|ARM = LLVM|ARM
		LLVM|ARM64 = LLVM|ARM64
		LLVM|x64 = LLVM|x64
		LLVM|x86 = LLVM|x86
		Release|ARM = Release|ARM
		Release|ARM64 = Release|ARM64
		Release|x64 = Release|x64
		Release|x86 = Release|x86
	EndGlobalSection
	GlobalSection(ProjectConfigurationPlatforms) = postSolution
		{2411D5F8-1842-4155-9012-5C652C6DF9AD}.Debug|ARM.ActiveCfg = Debug|ARM
		{2411D5F8-1842-4155-9012-5C652C6DF9AD}.Debug|ARM.Build.0 = Debug|ARM
		{2411D5F8-1842-4155-9012-5C652C6DF9AD}.Debug|ARM.Deploy.0 = Debug|ARM
		{2411D5F8-1842-4155-9012-5C652C6DF9AD}.Debug|ARM64.ActiveCfg = Debug|ARM64
		{2411D5F8-1842-4155-9012-5C652C6DF9AD}.Debug|ARM64.Build.0 = Debug|ARM64
		{2411D5F8-1842-4155-9012-5C652C6DF9AD}.Debug|ARM64.Deploy.0 = Debug|ARM64
		{2411D5F8-1842-4155-9012-5C652C6DF9AD}.Debug|x64.ActiveCfg = Debug|x64
		{2411D5F8-1842-4155-9012-5C652C6DF9AD}.Debug|x64.Build.0 = Debug|x64
		{2411D5F8-1842-4155-9012-5C652C6DF9AD}.Debug|x64.Deploy.0 = Debug|x64
		{2411D5F8-1842-4155-9012-5C652C6DF9AD}.Debug|x86.ActiveCfg = Release|x64
		{2411D5F8-1842-4155-9012-5C652C6DF9AD}.Debug|x86.Build.0 = Release|x64
		{2411D5F8-1842-4155-9012-5C652C6DF9AD}.Debug|x86.Deploy.0 = Release|x64
		{2411D5F8-1842-4155-9012-5C652C6DF9AD}.LLVM|ARM.ActiveCfg = LLVM|ARM
		{2411D5F8-1842-4155-9012-5C652C6DF9AD}.LLVM|ARM.Build.0 = LLVM|ARM
		{2411D5F8-1842-4155-9012-5C652C6DF9AD}.LLVM|ARM64.ActiveCfg = LLVM|ARM64
		{2411D5F8-1842-4155-9012-5C652C6DF9AD}.LLVM|ARM64.Build.0 = LLVM|ARM64
		{2411D5F8-1842-4155-9012-5C652C6DF9AD}.LLVM|x64.ActiveCfg = LLVM|x64
		{2411D5F8-1842-4155-9012-5C652C6DF9AD}.LLVM|x64.Build.0 = LLVM|x64
		{2411D5F8-1842-4155-9012-5C652C6DF9AD}.LLVM|x86.ActiveCfg = LLVM|Win32
		{2411D5F8-1842-4155-9012-5C652C6DF9AD}.LLVM|x86.Build.0 = LLVM|Win32
		{2411D5F8-1842-4155-9012-5C652C6DF9AD}.Release|ARM.ActiveCfg = Release|ARM
		{2411D5F8-1842-4155-9012-5C652C6DF9AD}.Release|ARM.Build.0 = Release|ARM
		{2411D5F8-1842-4155-9012-5C652C6DF9AD}.Release|ARM.Deploy.0 = Release|ARM
		{2411D5F8-1842-4155-9012-5C652C6DF9AD}.Release|ARM64.ActiveCfg = Release|ARM64
		{2411D5F8-1842-4155-9012-5C652C6DF9AD}.Release|ARM64.Build.0 = Release|ARM64
		{2411D5F8-1842-4155-9012-5C652C6DF9AD}.Release|ARM64.Deploy.0 = Release|ARM64
		{2411D5F8-1842-4155-9012-5C652C6DF9AD}.Release|x64.ActiveCfg = Release|x64
		{2411D5F8-1842-4155-9012-5C652C6DF9AD}.Release|x64.Build.0 = Release|x64
		{2411D5F8-1842-4155-9012-5C652C6DF9AD}.Release|x64.Deploy.0 = Release|x64
		{2411D5F8-1842-4155-9012-5C652C6DF9AD}.Release|x86.ActiveCfg = Release|Win32
		{2411D5F8-1842-4155-9012-5C652C6DF9AD}.Release|x86.Build.0 = Release|Win32
		{2411D5F8-1842-4155-9012-5C652C6DF9AD}.Release|x86.Deploy.0 = Release|Win32
	EndGlobalSection
	GlobalSection(SolutionProperties) = preSolution
		HideSolutionNode = FALSE
	EndGlobalSection
	GlobalSection(ExtensibilityGlobals) = postSolution
		SolutionGuid = {EA3B38CB-DF08-4411-874E-5D98283EAB8F}
	EndGlobalSection
EndGlobal
